
Microsoft Visual Studio Solution File, Format Version 12.00
# Visual Studio 15
VisualStudioVersion = 15.0.27130.2010
MinimumVisualStudioVersion = 10.0.40219.1
Project("{2150E333-8FDC-42A3-9474-1A3956D46DE8}") = "Networks", "Networks", "{3489D91B-5D90-4015-B821-B9D9658106F8}"
EndProject
Project("{2150E333-8FDC-42A3-9474-1A3956D46DE8}") = "DeepLearning", "DeepLearning", "{D510F750-F9DD-467E-996E-B47FE58EDB09}"
EndProject
Project("{9A19103F-16F7-4668-BE54-9A1E7A4F7556}") = "BackpropagationTest", "DeepLearning\BackpropagationTest\BackpropagationTest.csproj", "{C5DA2A54-EC74-4AFF-BDBD-A906C3C886C3}"
EndProject
Project("{9A19103F-16F7-4668-BE54-9A1E7A4F7556}") = "Backpropagation", "DeepLearning\Backpropagation\Backpropagation.csproj", "{C6510A0E-AF19-4B2D-9AB5-068E345BBF5C}"
EndProject
Project("{9A19103F-16F7-4668-BE54-9A1E7A4F7556}") = "NeuralNetwork", "Networks\NeuralNetwork\NeuralNetwork.csproj", "{F0D77462-AE15-4C70-9FE9-52BCDE104D7F}"
EndProject
Project("{9A19103F-16F7-4668-BE54-9A1E7A4F7556}") = "NeuralNetworkTests", "Networks\NeuralNetworkTests\NeuralNetworkTests.csproj", "{4D1CBFDD-E879-4C13-8296-C057955B068C}"
EndProject
Project("{9A19103F-16F7-4668-BE54-9A1E7A4F7556}") = "Bens.WonderfulLibrary", "Bens.WonderfulLibrary\Bens.WonderfulLibrary.csproj", "{B4360EFB-4CED-4DAD-A720-8E0AD2E0BA18}"
EndProject
Project("{9A19103F-16F7-4668-BE54-9A1E7A4F7556}") = "Network.Console", "Console\Network.Console.csproj", "{B9FB66FF-956F-4A83-B2EF-C9605F282995}"
EndProject
Global
	GlobalSection(SolutionConfigurationPlatforms) = preSolution
		Debug|Any CPU = Debug|Any CPU
		Release|Any CPU = Release|Any CPU
	EndGlobalSection
	GlobalSection(ProjectConfigurationPlatforms) = postSolution
		{C5DA2A54-EC74-4AFF-BDBD-A906C3C886C3}.Debug|Any CPU.ActiveCfg = Debug|Any CPU
		{C5DA2A54-EC74-4AFF-BDBD-A906C3C886C3}.Debug|Any CPU.Build.0 = Debug|Any CPU
		{C5DA2A54-EC74-4AFF-BDBD-A906C3C886C3}.Release|Any CPU.ActiveCfg = Release|Any CPU
		{C5DA2A54-EC74-4AFF-BDBD-A906C3C886C3}.Release|Any CPU.Build.0 = Release|Any CPU
		{C6510A0E-AF19-4B2D-9AB5-068E345BBF5C}.Debug|Any CPU.ActiveCfg = Debug|Any CPU
		{C6510A0E-AF19-4B2D-9AB5-068E345BBF5C}.Debug|Any CPU.Build.0 = Debug|Any CPU
		{C6510A0E-AF19-4B2D-9AB5-068E345BBF5C}.Release|Any CPU.ActiveCfg = Release|Any CPU
		{C6510A0E-AF19-4B2D-9AB5-068E345BBF5C}.Release|Any CPU.Build.0 = Release|Any CPU
		{F0D77462-AE15-4C70-9FE9-52BCDE104D7F}.Debug|Any CPU.ActiveCfg = Debug|Any CPU
		{F0D77462-AE15-4C70-9FE9-52BCDE104D7F}.Debug|Any CPU.Build.0 = Debug|Any CPU
		{F0D77462-AE15-4C70-9FE9-52BCDE104D7F}.Release|Any CPU.ActiveCfg = Release|Any CPU
		{F0D77462-AE15-4C70-9FE9-52BCDE104D7F}.Release|Any CPU.Build.0 = Release|Any CPU
		{4D1CBFDD-E879-4C13-8296-C057955B068C}.Debug|Any CPU.ActiveCfg = Debug|Any CPU
		{4D1CBFDD-E879-4C13-8296-C057955B068C}.Debug|Any CPU.Build.0 = Debug|Any CPU
		{4D1CBFDD-E879-4C13-8296-C057955B068C}.Release|Any CPU.ActiveCfg = Release|Any CPU
		{4D1CBFDD-E879-4C13-8296-C057955B068C}.Release|Any CPU.Build.0 = Release|Any CPU
		{B4360EFB-4CED-4DAD-A720-8E0AD2E0BA18}.Debug|Any CPU.ActiveCfg = Debug|Any CPU
		{B4360EFB-4CED-4DAD-A720-8E0AD2E0BA18}.Debug|Any CPU.Build.0 = Debug|Any CPU
		{B4360EFB-4CED-4DAD-A720-8E0AD2E0BA18}.Release|Any CPU.ActiveCfg = Release|Any CPU
		{B4360EFB-4CED-4DAD-A720-8E0AD2E0BA18}.Release|Any CPU.Build.0 = Release|Any CPU
		{B9FB66FF-956F-4A83-B2EF-C9605F282995}.Debug|Any CPU.ActiveCfg = Debug|Any CPU
		{B9FB66FF-956F-4A83-B2EF-C9605F282995}.Debug|Any CPU.Build.0 = Debug|Any CPU
		{B9FB66FF-956F-4A83-B2EF-C9605F282995}.Release|Any CPU.ActiveCfg = Release|Any CPU
		{B9FB66FF-956F-4A83-B2EF-C9605F282995}.Release|Any CPU.Build.0 = Release|Any CPU
	EndGlobalSection
	GlobalSection(SolutionProperties) = preSolution
		HideSolutionNode = FALSE
	EndGlobalSection
	GlobalSection(NestedProjects) = preSolution
		{C5DA2A54-EC74-4AFF-BDBD-A906C3C886C3} = {D510F750-F9DD-467E-996E-B47FE58EDB09}
		{C6510A0E-AF19-4B2D-9AB5-068E345BBF5C} = {D510F750-F9DD-467E-996E-B47FE58EDB09}
		{F0D77462-AE15-4C70-9FE9-52BCDE104D7F} = {3489D91B-5D90-4015-B821-B9D9658106F8}
		{4D1CBFDD-E879-4C13-8296-C057955B068C} = {3489D91B-5D90-4015-B821-B9D9658106F8}
	EndGlobalSection
	GlobalSection(ExtensibilityGlobals) = postSolution
		SolutionGuid = {316817EF-00A2-4C09-8C9C-7B0ABF43BF05}
	EndGlobalSection
EndGlobal
