
Microsoft Visual Studio Solution File, Format Version 12.00
# Visual Studio 15
VisualStudioVersion = 15.0.27130.0
MinimumVisualStudioVersion = 10.0.40219.1
Project("{FAE04EC0-301F-11D3-BF4B-00C04F79EFBC}") = "NeuralNetwork", "NeuralNetwork\NeuralNetwork.csproj", "{F56F67B0-A054-4E5C-BECC-8AFA1AEF909C}"
EndProject
Global
	GlobalSection(SolutionConfigurationPlatforms) = preSolution
		Debug|Any CPU = Debug|Any CPU
		Release|Any CPU = Release|Any CPU
	EndGlobalSection
	GlobalSection(ProjectConfigurationPlatforms) = postSolution
		{F56F67B0-A054-4E5C-BECC-8AFA1AEF909C}.Debug|Any CPU.ActiveCfg = Debug|Any CPU
		{F56F67B0-A054-4E5C-BECC-8AFA1AEF909C}.Debug|Any CPU.Build.0 = Debug|Any CPU
		{F56F67B0-A054-4E5C-BECC-8AFA1AEF909C}.Release|Any CPU.ActiveCfg = Release|Any CPU
		{F56F67B0-A054-4E5C-BECC-8AFA1AEF909C}.Release|Any CPU.Build.0 = Release|Any CPU
	EndGlobalSection
	GlobalSection(SolutionProperties) = preSolution
		HideSolutionNode = FALSE
	EndGlobalSection
	GlobalSection(ExtensibilityGlobals) = postSolution
		SolutionGuid = {316817EF-00A2-4C09-8C9C-7B0ABF43BF05}
	EndGlobalSection
EndGlobal
