
Microsoft Visual Studio Solution File, Format Version 12.00
# Visual Studio 15
VisualStudioVersion = 15.0.27130.2010
MinimumVisualStudioVersion = 10.0.40219.1
Project("{9A19103F-16F7-4668-BE54-9A1E7A4F7556}") = "TweetListener.ServiceConsole", "Applications\TweetListener.ServiceConsole\TweetListener.ServiceConsole.csproj", "{7A56195F-EF15-4D98-A63C-2AFE0156D1FA}"
EndProject
Project("{2150E333-8FDC-42A3-9474-1A3956D46DE8}") = "Twitter", "Twitter", "{A5840BBC-E2F7-46F6-8CFE-4766D30A9EA6}"
EndProject
Project("{9A19103F-16F7-4668-BE54-9A1E7A4F7556}") = "TweetListener.Engine", "Twitter\TweetListener.Engine\TweetListener.Engine.csproj", "{B4217EED-A9E8-45BD-95DA-6692DE511981}"
EndProject
Project("{9A19103F-16F7-4668-BE54-9A1E7A4F7556}") = "TweetListener.Events", "Twitter\TweetListener.Events\TweetListener.Events.csproj", "{6CEAE563-3921-4299-8489-3CA295D6CD85}"
EndProject
Global
	GlobalSection(SolutionConfigurationPlatforms) = preSolution
		Debug|Any CPU = Debug|Any CPU
		Release|Any CPU = Release|Any CPU
	EndGlobalSection
	GlobalSection(ProjectConfigurationPlatforms) = postSolution
		{7A56195F-EF15-4D98-A63C-2AFE0156D1FA}.Debug|Any CPU.ActiveCfg = Debug|Any CPU
		{7A56195F-EF15-4D98-A63C-2AFE0156D1FA}.Debug|Any CPU.Build.0 = Debug|Any CPU
		{7A56195F-EF15-4D98-A63C-2AFE0156D1FA}.Release|Any CPU.ActiveCfg = Release|Any CPU
		{7A56195F-EF15-4D98-A63C-2AFE0156D1FA}.Release|Any CPU.Build.0 = Release|Any CPU
		{B4217EED-A9E8-45BD-95DA-6692DE511981}.Debug|Any CPU.ActiveCfg = Debug|Any CPU
		{B4217EED-A9E8-45BD-95DA-6692DE511981}.Debug|Any CPU.Build.0 = Debug|Any CPU
		{B4217EED-A9E8-45BD-95DA-6692DE511981}.Release|Any CPU.ActiveCfg = Release|Any CPU
		{B4217EED-A9E8-45BD-95DA-6692DE511981}.Release|Any CPU.Build.0 = Release|Any CPU
		{6CEAE563-3921-4299-8489-3CA295D6CD85}.Debug|Any CPU.ActiveCfg = Debug|Any CPU
		{6CEAE563-3921-4299-8489-3CA295D6CD85}.Debug|Any CPU.Build.0 = Debug|Any CPU
		{6CEAE563-3921-4299-8489-3CA295D6CD85}.Release|Any CPU.ActiveCfg = Release|Any CPU
		{6CEAE563-3921-4299-8489-3CA295D6CD85}.Release|Any CPU.Build.0 = Release|Any CPU
	EndGlobalSection
	GlobalSection(SolutionProperties) = preSolution
		HideSolutionNode = FALSE
	EndGlobalSection
	GlobalSection(NestedProjects) = preSolution
		{B4217EED-A9E8-45BD-95DA-6692DE511981} = {A5840BBC-E2F7-46F6-8CFE-4766D30A9EA6}
		{6CEAE563-3921-4299-8489-3CA295D6CD85} = {A5840BBC-E2F7-46F6-8CFE-4766D30A9EA6}
	EndGlobalSection
	GlobalSection(ExtensibilityGlobals) = postSolution
		SolutionGuid = {316817EF-00A2-4C09-8C9C-7B0ABF43BF05}
	EndGlobalSection
EndGlobal
