
Microsoft Visual Studio Solution File, Format Version 12.00
# Visual Studio 15
VisualStudioVersion = 15.0.27130.2010
MinimumVisualStudioVersion = 10.0.40219.1
Project("{9A19103F-16F7-4668-BE54-9A1E7A4F7556}") = "TweetListener.Engine", "..\TweetListener\TweetListener.Engine\TweetListener.Engine.csproj", "{1AB7E5FC-AB6F-4F7D-85EA-51598B68C31C}"
EndProject
Project("{2150E333-8FDC-42A3-9474-1A3956D46DE8}") = "Events", "Events", "{FE210B08-2926-4DB4-A508-0CA85C552D5C}"
EndProject
Project("{9A19103F-16F7-4668-BE54-9A1E7A4F7556}") = "TweetListener.Events", "..\TweetListener\TweetListener.Events\TweetListener.Events.csproj", "{6055C318-5113-40E6-B720-F164D4FE2662}"
EndProject
Project("{9A19103F-16F7-4668-BE54-9A1E7A4F7556}") = "TweetListener.ServiceConsole", "..\TweetListener\TweetListener.ServiceConsole\TweetListener.ServiceConsole.csproj", "{1BE45F97-3A7E-4AB4-9B6E-5A8A31F37464}"
EndProject
Global
	GlobalSection(SolutionConfigurationPlatforms) = preSolution
		Debug|Any CPU = Debug|Any CPU
		Release|Any CPU = Release|Any CPU
	EndGlobalSection
	GlobalSection(ProjectConfigurationPlatforms) = postSolution
		{1AB7E5FC-AB6F-4F7D-85EA-51598B68C31C}.Debug|Any CPU.ActiveCfg = Debug|Any CPU
		{1AB7E5FC-AB6F-4F7D-85EA-51598B68C31C}.Debug|Any CPU.Build.0 = Debug|Any CPU
		{1AB7E5FC-AB6F-4F7D-85EA-51598B68C31C}.Release|Any CPU.ActiveCfg = Release|Any CPU
		{1AB7E5FC-AB6F-4F7D-85EA-51598B68C31C}.Release|Any CPU.Build.0 = Release|Any CPU
		{6055C318-5113-40E6-B720-F164D4FE2662}.Debug|Any CPU.ActiveCfg = Debug|Any CPU
		{6055C318-5113-40E6-B720-F164D4FE2662}.Debug|Any CPU.Build.0 = Debug|Any CPU
		{6055C318-5113-40E6-B720-F164D4FE2662}.Release|Any CPU.ActiveCfg = Release|Any CPU
		{6055C318-5113-40E6-B720-F164D4FE2662}.Release|Any CPU.Build.0 = Release|Any CPU
		{1BE45F97-3A7E-4AB4-9B6E-5A8A31F37464}.Debug|Any CPU.ActiveCfg = Debug|Any CPU
		{1BE45F97-3A7E-4AB4-9B6E-5A8A31F37464}.Debug|Any CPU.Build.0 = Debug|Any CPU
		{1BE45F97-3A7E-4AB4-9B6E-5A8A31F37464}.Release|Any CPU.ActiveCfg = Release|Any CPU
		{1BE45F97-3A7E-4AB4-9B6E-5A8A31F37464}.Release|Any CPU.Build.0 = Release|Any CPU
	EndGlobalSection
	GlobalSection(SolutionProperties) = preSolution
		HideSolutionNode = FALSE
	EndGlobalSection
	GlobalSection(NestedProjects) = preSolution
		{6055C318-5113-40E6-B720-F164D4FE2662} = {FE210B08-2926-4DB4-A508-0CA85C552D5C}
	EndGlobalSection
	GlobalSection(ExtensibilityGlobals) = postSolution
		SolutionGuid = {316817EF-00A2-4C09-8C9C-7B0ABF43BF05}
	EndGlobalSection
EndGlobal
