
Microsoft Visual Studio Solution File, Format Version 12.00
# Visual Studio Version 16
VisualStudioVersion = 16.0.29025.244
MinimumVisualStudioVersion = 10.0.40219.1
Project("{2150E333-8FDC-42A3-9474-1A3956D46DE8}") = "Models", "Models", "{3489D91B-5D90-4015-B821-B9D9658106F8}"
EndProject
Project("{2150E333-8FDC-42A3-9474-1A3956D46DE8}") = "DeepLearning", "DeepLearning", "{D510F750-F9DD-467E-996E-B47FE58EDB09}"
EndProject
Project("{2150E333-8FDC-42A3-9474-1A3956D46DE8}") = "Libraries", "Libraries", "{C66B5861-DACD-4D98-9BAE-C23BC85B94C6}"
EndProject
Project("{9A19103F-16F7-4668-BE54-9A1E7A4F7556}") = "BackPropagation", "DeepLearning\BackPropagation\BackPropagation.csproj", "{568C290C-5197-48C3-9E37-2EC88ADF6F5A}"
EndProject
Project("{9A19103F-16F7-4668-BE54-9A1E7A4F7556}") = "BackPropagation.Test", "DeepLearning\BackPropagation.Test\BackPropagation.Test.csproj", "{0C8C98BA-D8B4-466F-8862-A4BC29BBEBEE}"
EndProject
Project("{9A19103F-16F7-4668-BE54-9A1E7A4F7556}") = "AI.Calculations", "Libraries\AI.Calculations\AI.Calculations.csproj", "{418C7B67-4261-4A8E-AAE6-7A060B32883C}"
EndProject
Project("{9A19103F-16F7-4668-BE54-9A1E7A4F7556}") = "NeuralNetwork", "Models\NeuralNetwork\NeuralNetwork.csproj", "{01ED69B4-55FB-4D87-8C29-1C60227031E1}"
EndProject
Project("{9A19103F-16F7-4668-BE54-9A1E7A4F7556}") = "NeuralNetwork.Test", "Models\NeuralNetwork.Test\NeuralNetwork.Test.csproj", "{06BDC3C5-A5C0-4F71-9010-E67AE89858BC}"
EndProject
Project("{2150E333-8FDC-42A3-9474-1A3956D46DE8}") = "NLP", "NLP", "{4DBB1526-22A1-45C1-8885-AC623E7B79C5}"
EndProject
Project("{9A19103F-16F7-4668-BE54-9A1E7A4F7556}") = "Word2Vec", "NLP\Word2Vec\Word2Vec.csproj", "{91C8EEFD-4BCA-4487-934E-F43EFE915601}"
EndProject
Project("{9A19103F-16F7-4668-BE54-9A1E7A4F7556}") = "NegativeSampling", "DeepLearning\NegativeSampling\NegativeSampling.csproj", "{5B439B8C-98B0-4E6F-9DD5-6AC83990EA87}"
EndProject
Project("{9A19103F-16F7-4668-BE54-9A1E7A4F7556}") = "NegativeSampling.Test", "DeepLearning\NegativeSampling.Test\NegativeSampling.Test.csproj", "{DFB6D6B7-25D3-4CF0-9DC9-BD4679B397D7}"
EndProject
Project("{2150E333-8FDC-42A3-9474-1A3956D46DE8}") = "Tests", "Tests", "{52E80540-652A-11E9-8376-9BF5D303AFF6}"
EndProject
Project("{9A19103F-16F7-4668-BE54-9A1E7A4F7556}") = "AI.Tests", "Tests\AI.Tests\AI.Tests.csproj", "{C0E32C6F-2878-4E7E-9BA0-69671B254CA7}"
EndProject
Project("{9A19103F-16F7-4668-BE54-9A1E7A4F7556}") = "Word2Vec.Test", "NLP\Word2Vec.Test\Word2Vec.Test.csproj", "{CA05D7C1-3A24-4229-92D5-C1CF9ECDC26A}"
EndProject
Global
	GlobalSection(SolutionConfigurationPlatforms) = preSolution
		Debug|Any CPU = Debug|Any CPU
		Release|Any CPU = Release|Any CPU
	EndGlobalSection
	GlobalSection(ProjectConfigurationPlatforms) = postSolution
		{568C290C-5197-48C3-9E37-2EC88ADF6F5A}.Debug|Any CPU.ActiveCfg = Debug|Any CPU
		{568C290C-5197-48C3-9E37-2EC88ADF6F5A}.Debug|Any CPU.Build.0 = Debug|Any CPU
		{568C290C-5197-48C3-9E37-2EC88ADF6F5A}.Release|Any CPU.ActiveCfg = Release|Any CPU
		{568C290C-5197-48C3-9E37-2EC88ADF6F5A}.Release|Any CPU.Build.0 = Release|Any CPU
		{0C8C98BA-D8B4-466F-8862-A4BC29BBEBEE}.Debug|Any CPU.ActiveCfg = Debug|Any CPU
		{0C8C98BA-D8B4-466F-8862-A4BC29BBEBEE}.Debug|Any CPU.Build.0 = Debug|Any CPU
		{0C8C98BA-D8B4-466F-8862-A4BC29BBEBEE}.Release|Any CPU.ActiveCfg = Release|Any CPU
		{0C8C98BA-D8B4-466F-8862-A4BC29BBEBEE}.Release|Any CPU.Build.0 = Release|Any CPU
		{418C7B67-4261-4A8E-AAE6-7A060B32883C}.Debug|Any CPU.ActiveCfg = Debug|Any CPU
		{418C7B67-4261-4A8E-AAE6-7A060B32883C}.Debug|Any CPU.Build.0 = Debug|Any CPU
		{418C7B67-4261-4A8E-AAE6-7A060B32883C}.Release|Any CPU.ActiveCfg = Release|Any CPU
		{418C7B67-4261-4A8E-AAE6-7A060B32883C}.Release|Any CPU.Build.0 = Release|Any CPU
		{01ED69B4-55FB-4D87-8C29-1C60227031E1}.Debug|Any CPU.ActiveCfg = Debug|Any CPU
		{01ED69B4-55FB-4D87-8C29-1C60227031E1}.Debug|Any CPU.Build.0 = Debug|Any CPU
		{01ED69B4-55FB-4D87-8C29-1C60227031E1}.Release|Any CPU.ActiveCfg = Release|Any CPU
		{01ED69B4-55FB-4D87-8C29-1C60227031E1}.Release|Any CPU.Build.0 = Release|Any CPU
		{06BDC3C5-A5C0-4F71-9010-E67AE89858BC}.Debug|Any CPU.ActiveCfg = Debug|Any CPU
		{06BDC3C5-A5C0-4F71-9010-E67AE89858BC}.Debug|Any CPU.Build.0 = Debug|Any CPU
		{06BDC3C5-A5C0-4F71-9010-E67AE89858BC}.Release|Any CPU.ActiveCfg = Release|Any CPU
		{06BDC3C5-A5C0-4F71-9010-E67AE89858BC}.Release|Any CPU.Build.0 = Release|Any CPU
		{91C8EEFD-4BCA-4487-934E-F43EFE915601}.Debug|Any CPU.ActiveCfg = Debug|Any CPU
		{91C8EEFD-4BCA-4487-934E-F43EFE915601}.Debug|Any CPU.Build.0 = Debug|Any CPU
		{91C8EEFD-4BCA-4487-934E-F43EFE915601}.Release|Any CPU.ActiveCfg = Release|Any CPU
		{91C8EEFD-4BCA-4487-934E-F43EFE915601}.Release|Any CPU.Build.0 = Release|Any CPU
		{5B439B8C-98B0-4E6F-9DD5-6AC83990EA87}.Debug|Any CPU.ActiveCfg = Debug|Any CPU
		{5B439B8C-98B0-4E6F-9DD5-6AC83990EA87}.Debug|Any CPU.Build.0 = Debug|Any CPU
		{5B439B8C-98B0-4E6F-9DD5-6AC83990EA87}.Release|Any CPU.ActiveCfg = Release|Any CPU
		{5B439B8C-98B0-4E6F-9DD5-6AC83990EA87}.Release|Any CPU.Build.0 = Release|Any CPU
		{DFB6D6B7-25D3-4CF0-9DC9-BD4679B397D7}.Debug|Any CPU.ActiveCfg = Debug|Any CPU
		{DFB6D6B7-25D3-4CF0-9DC9-BD4679B397D7}.Debug|Any CPU.Build.0 = Debug|Any CPU
		{DFB6D6B7-25D3-4CF0-9DC9-BD4679B397D7}.Release|Any CPU.ActiveCfg = Release|Any CPU
		{DFB6D6B7-25D3-4CF0-9DC9-BD4679B397D7}.Release|Any CPU.Build.0 = Release|Any CPU
		{C0E32C6F-2878-4E7E-9BA0-69671B254CA7}.Debug|Any CPU.ActiveCfg = Debug|Any CPU
		{C0E32C6F-2878-4E7E-9BA0-69671B254CA7}.Debug|Any CPU.Build.0 = Debug|Any CPU
		{C0E32C6F-2878-4E7E-9BA0-69671B254CA7}.Release|Any CPU.ActiveCfg = Release|Any CPU
		{C0E32C6F-2878-4E7E-9BA0-69671B254CA7}.Release|Any CPU.Build.0 = Release|Any CPU
		{CA05D7C1-3A24-4229-92D5-C1CF9ECDC26A}.Debug|Any CPU.ActiveCfg = Debug|Any CPU
		{CA05D7C1-3A24-4229-92D5-C1CF9ECDC26A}.Debug|Any CPU.Build.0 = Debug|Any CPU
		{CA05D7C1-3A24-4229-92D5-C1CF9ECDC26A}.Release|Any CPU.ActiveCfg = Release|Any CPU
		{CA05D7C1-3A24-4229-92D5-C1CF9ECDC26A}.Release|Any CPU.Build.0 = Release|Any CPU
	EndGlobalSection
	GlobalSection(SolutionProperties) = preSolution
		HideSolutionNode = FALSE
	EndGlobalSection
	GlobalSection(NestedProjects) = preSolution
		{568C290C-5197-48C3-9E37-2EC88ADF6F5A} = {D510F750-F9DD-467E-996E-B47FE58EDB09}
		{0C8C98BA-D8B4-466F-8862-A4BC29BBEBEE} = {D510F750-F9DD-467E-996E-B47FE58EDB09}
		{418C7B67-4261-4A8E-AAE6-7A060B32883C} = {C66B5861-DACD-4D98-9BAE-C23BC85B94C6}
		{01ED69B4-55FB-4D87-8C29-1C60227031E1} = {3489D91B-5D90-4015-B821-B9D9658106F8}
		{06BDC3C5-A5C0-4F71-9010-E67AE89858BC} = {3489D91B-5D90-4015-B821-B9D9658106F8}
		{91C8EEFD-4BCA-4487-934E-F43EFE915601} = {4DBB1526-22A1-45C1-8885-AC623E7B79C5}
		{5B439B8C-98B0-4E6F-9DD5-6AC83990EA87} = {D510F750-F9DD-467E-996E-B47FE58EDB09}
		{DFB6D6B7-25D3-4CF0-9DC9-BD4679B397D7} = {D510F750-F9DD-467E-996E-B47FE58EDB09}
		{C0E32C6F-2878-4E7E-9BA0-69671B254CA7} = {52E80540-652A-11E9-8376-9BF5D303AFF6}
		{CA05D7C1-3A24-4229-92D5-C1CF9ECDC26A} = {4DBB1526-22A1-45C1-8885-AC623E7B79C5}
	EndGlobalSection
	GlobalSection(ExtensibilityGlobals) = postSolution
		SolutionGuid = {316817EF-00A2-4C09-8C9C-7B0ABF43BF05}
	EndGlobalSection
EndGlobal
