
Microsoft Visual Studio Solution File, Format Version 12.00
# Visual Studio 15
VisualStudioVersion = 15.0.27130.2010
MinimumVisualStudioVersion = 10.0.40219.1
Project("{2150E333-8FDC-42A3-9474-1A3956D46DE8}") = "Models", "Models", "{3489D91B-5D90-4015-B821-B9D9658106F8}"
EndProject
Project("{2150E333-8FDC-42A3-9474-1A3956D46DE8}") = "DeepLearning", "DeepLearning", "{D510F750-F9DD-467E-996E-B47FE58EDB09}"
EndProject
Project("{2150E333-8FDC-42A3-9474-1A3956D46DE8}") = "Libraries", "Libraries", "{C66B5861-DACD-4D98-9BAE-C23BC85B94C6}"
EndProject
Project("{9A19103F-16F7-4668-BE54-9A1E7A4F7556}") = "Backpropagation", "..\DeepLearning\Backpropagation\Backpropagation.csproj", "{568C290C-5197-48C3-9E37-2EC88ADF6F5A}"
EndProject
Project("{9A19103F-16F7-4668-BE54-9A1E7A4F7556}") = "Backpropagation.Test", "..\DeepLearning\Backpropagation.Test\Backpropagation.Test.csproj", "{0C8C98BA-D8B4-466F-8862-A4BC29BBEBEE}"
EndProject
Project("{9A19103F-16F7-4668-BE54-9A1E7A4F7556}") = "AI.Calculations", "..\Libraries\AI.Calculations\AI.Calculations.csproj", "{418C7B67-4261-4A8E-AAE6-7A060B32883C}"
EndProject
Project("{9A19103F-16F7-4668-BE54-9A1E7A4F7556}") = "NeuralNetwork", "..\Models\NeuralNetwork\NeuralNetwork.csproj", "{01ED69B4-55FB-4D87-8C29-1C60227031E1}"
EndProject
Project("{9A19103F-16F7-4668-BE54-9A1E7A4F7556}") = "NeuralNetwork.Test", "..\Models\NeuralNetwork.Test\NeuralNetwork.Test.csproj", "{06BDC3C5-A5C0-4F71-9010-E67AE89858BC}"
EndProject
Project("{9A19103F-16F7-4668-BE54-9A1E7A4F7556}") = "Network.Console", "..\Models\NeuralNetwork.Console\Network.Console.csproj", "{B284C0DA-FE9F-40A4-90A5-8C09104CE1F9}"
EndProject
Project("{9A19103F-16F7-4668-BE54-9A1E7A4F7556}") = "NeuralNetwork.Library", "..\Models\NeuralNetwork.Library\NeuralNetwork.Library.csproj", "{1362AE1F-C735-4639-9BCA-597DA71EFCDB}"
EndProject
Project("{2150E333-8FDC-42A3-9474-1A3956D46DE8}") = "NLP", "NLP", "{4DBB1526-22A1-45C1-8885-AC623E7B79C5}"
EndProject
Project("{9A19103F-16F7-4668-BE54-9A1E7A4F7556}") = "Word2Vec.Ben", "..\NLP\Word2Vec.Ben\Word2Vec.Ben.csproj", "{58FEC281-131A-4850-B175-4854A8A97177}"
EndProject
Project("{9A19103F-16F7-4668-BE54-9A1E7A4F7556}") = "Word2Vec", "..\NLP\Word2Vec\Word2Vec.csproj", "{91C8EEFD-4BCA-4487-934E-F43EFE915601}"
EndProject
Project("{9A19103F-16F7-4668-BE54-9A1E7A4F7556}") = "Word2Vec.Test", "..\NLP\Word2Vec.Test\Word2Vec.Test.csproj", "{CA05D7C1-3A24-4229-92D5-C1CF9ECDC26A}"
EndProject
Global
	GlobalSection(SolutionConfigurationPlatforms) = preSolution
		Debug|Any CPU = Debug|Any CPU
		Release|Any CPU = Release|Any CPU
	EndGlobalSection
	GlobalSection(ProjectConfigurationPlatforms) = postSolution
		{568C290C-5197-48C3-9E37-2EC88ADF6F5A}.Debug|Any CPU.ActiveCfg = Debug|Any CPU
		{568C290C-5197-48C3-9E37-2EC88ADF6F5A}.Debug|Any CPU.Build.0 = Debug|Any CPU
		{568C290C-5197-48C3-9E37-2EC88ADF6F5A}.Release|Any CPU.ActiveCfg = Release|Any CPU
		{568C290C-5197-48C3-9E37-2EC88ADF6F5A}.Release|Any CPU.Build.0 = Release|Any CPU
		{0C8C98BA-D8B4-466F-8862-A4BC29BBEBEE}.Debug|Any CPU.ActiveCfg = Debug|Any CPU
		{0C8C98BA-D8B4-466F-8862-A4BC29BBEBEE}.Debug|Any CPU.Build.0 = Debug|Any CPU
		{0C8C98BA-D8B4-466F-8862-A4BC29BBEBEE}.Release|Any CPU.ActiveCfg = Release|Any CPU
		{0C8C98BA-D8B4-466F-8862-A4BC29BBEBEE}.Release|Any CPU.Build.0 = Release|Any CPU
		{418C7B67-4261-4A8E-AAE6-7A060B32883C}.Debug|Any CPU.ActiveCfg = Debug|Any CPU
		{418C7B67-4261-4A8E-AAE6-7A060B32883C}.Debug|Any CPU.Build.0 = Debug|Any CPU
		{418C7B67-4261-4A8E-AAE6-7A060B32883C}.Release|Any CPU.ActiveCfg = Release|Any CPU
		{418C7B67-4261-4A8E-AAE6-7A060B32883C}.Release|Any CPU.Build.0 = Release|Any CPU
		{01ED69B4-55FB-4D87-8C29-1C60227031E1}.Debug|Any CPU.ActiveCfg = Debug|Any CPU
		{01ED69B4-55FB-4D87-8C29-1C60227031E1}.Debug|Any CPU.Build.0 = Debug|Any CPU
		{01ED69B4-55FB-4D87-8C29-1C60227031E1}.Release|Any CPU.ActiveCfg = Release|Any CPU
		{01ED69B4-55FB-4D87-8C29-1C60227031E1}.Release|Any CPU.Build.0 = Release|Any CPU
		{06BDC3C5-A5C0-4F71-9010-E67AE89858BC}.Debug|Any CPU.ActiveCfg = Debug|Any CPU
		{06BDC3C5-A5C0-4F71-9010-E67AE89858BC}.Debug|Any CPU.Build.0 = Debug|Any CPU
		{06BDC3C5-A5C0-4F71-9010-E67AE89858BC}.Release|Any CPU.ActiveCfg = Release|Any CPU
		{06BDC3C5-A5C0-4F71-9010-E67AE89858BC}.Release|Any CPU.Build.0 = Release|Any CPU
		{B284C0DA-FE9F-40A4-90A5-8C09104CE1F9}.Debug|Any CPU.ActiveCfg = Debug|Any CPU
		{B284C0DA-FE9F-40A4-90A5-8C09104CE1F9}.Debug|Any CPU.Build.0 = Debug|Any CPU
		{B284C0DA-FE9F-40A4-90A5-8C09104CE1F9}.Release|Any CPU.ActiveCfg = Release|Any CPU
		{B284C0DA-FE9F-40A4-90A5-8C09104CE1F9}.Release|Any CPU.Build.0 = Release|Any CPU
		{1362AE1F-C735-4639-9BCA-597DA71EFCDB}.Debug|Any CPU.ActiveCfg = Debug|Any CPU
		{1362AE1F-C735-4639-9BCA-597DA71EFCDB}.Debug|Any CPU.Build.0 = Debug|Any CPU
		{1362AE1F-C735-4639-9BCA-597DA71EFCDB}.Release|Any CPU.ActiveCfg = Release|Any CPU
		{1362AE1F-C735-4639-9BCA-597DA71EFCDB}.Release|Any CPU.Build.0 = Release|Any CPU
		{58FEC281-131A-4850-B175-4854A8A97177}.Debug|Any CPU.ActiveCfg = Debug|Any CPU
		{58FEC281-131A-4850-B175-4854A8A97177}.Debug|Any CPU.Build.0 = Debug|Any CPU
		{58FEC281-131A-4850-B175-4854A8A97177}.Release|Any CPU.ActiveCfg = Release|Any CPU
		{58FEC281-131A-4850-B175-4854A8A97177}.Release|Any CPU.Build.0 = Release|Any CPU
		{91C8EEFD-4BCA-4487-934E-F43EFE915601}.Debug|Any CPU.ActiveCfg = Debug|Any CPU
		{91C8EEFD-4BCA-4487-934E-F43EFE915601}.Debug|Any CPU.Build.0 = Debug|Any CPU
		{91C8EEFD-4BCA-4487-934E-F43EFE915601}.Release|Any CPU.ActiveCfg = Release|Any CPU
		{91C8EEFD-4BCA-4487-934E-F43EFE915601}.Release|Any CPU.Build.0 = Release|Any CPU
		{CA05D7C1-3A24-4229-92D5-C1CF9ECDC26A}.Debug|Any CPU.ActiveCfg = Debug|Any CPU
		{CA05D7C1-3A24-4229-92D5-C1CF9ECDC26A}.Debug|Any CPU.Build.0 = Debug|Any CPU
		{CA05D7C1-3A24-4229-92D5-C1CF9ECDC26A}.Release|Any CPU.ActiveCfg = Release|Any CPU
		{CA05D7C1-3A24-4229-92D5-C1CF9ECDC26A}.Release|Any CPU.Build.0 = Release|Any CPU
	EndGlobalSection
	GlobalSection(SolutionProperties) = preSolution
		HideSolutionNode = FALSE
	EndGlobalSection
	GlobalSection(NestedProjects) = preSolution
		{568C290C-5197-48C3-9E37-2EC88ADF6F5A} = {D510F750-F9DD-467E-996E-B47FE58EDB09}
		{0C8C98BA-D8B4-466F-8862-A4BC29BBEBEE} = {D510F750-F9DD-467E-996E-B47FE58EDB09}
		{418C7B67-4261-4A8E-AAE6-7A060B32883C} = {C66B5861-DACD-4D98-9BAE-C23BC85B94C6}
		{01ED69B4-55FB-4D87-8C29-1C60227031E1} = {3489D91B-5D90-4015-B821-B9D9658106F8}
		{06BDC3C5-A5C0-4F71-9010-E67AE89858BC} = {3489D91B-5D90-4015-B821-B9D9658106F8}
		{1362AE1F-C735-4639-9BCA-597DA71EFCDB} = {3489D91B-5D90-4015-B821-B9D9658106F8}
		{58FEC281-131A-4850-B175-4854A8A97177} = {4DBB1526-22A1-45C1-8885-AC623E7B79C5}
		{91C8EEFD-4BCA-4487-934E-F43EFE915601} = {4DBB1526-22A1-45C1-8885-AC623E7B79C5}
		{CA05D7C1-3A24-4229-92D5-C1CF9ECDC26A} = {4DBB1526-22A1-45C1-8885-AC623E7B79C5}
	EndGlobalSection
	GlobalSection(ExtensibilityGlobals) = postSolution
		SolutionGuid = {316817EF-00A2-4C09-8C9C-7B0ABF43BF05}
	EndGlobalSection
EndGlobal
